
Microsoft Visual Studio Solution File, Format Version 12.00
# Visual Studio Version 17
VisualStudioVersion = 17.11.35327.3
MinimumVisualStudioVersion = 10.0.40219.1
Project("{9A19103F-16F7-4668-BE54-9A1E7A4F7556}") = "DataQS.App", "DataQSApp\DataQS.App.csproj", "{10705DD7-1613-4872-8B89-878E35579B22}"
EndProject
Project("{9A19103F-16F7-4668-BE54-9A1E7A4F7556}") = "DataQS.Core", "DataQS.Core\DataQS.Core.csproj", "{5EBE8A73-2972-4218-9D73-CE39F029366E}"
EndProject
Project("{9A19103F-16F7-4668-BE54-9A1E7A4F7556}") = "DataQS.Infraestructure", "DataQS.Infraestructure\DataQS.Infraestructure.csproj", "{313EFCB8-590B-4360-8857-9CFDEC512216}"
EndProject
Project("{FAE04EC0-301F-11D3-BF4B-00C04F79EFBC}") = "UnitTests", "UnitTests\UnitTests.csproj", "{E937A804-0A42-48E0-9033-F8D5B5514551}"
EndProject
Global
	GlobalSection(SolutionConfigurationPlatforms) = preSolution
		Debug|Any CPU = Debug|Any CPU
		Release|Any CPU = Release|Any CPU
	EndGlobalSection
	GlobalSection(ProjectConfigurationPlatforms) = postSolution
		{10705DD7-1613-4872-8B89-878E35579B22}.Debug|Any CPU.ActiveCfg = Debug|Any CPU
		{10705DD7-1613-4872-8B89-878E35579B22}.Debug|Any CPU.Build.0 = Debug|Any CPU
		{10705DD7-1613-4872-8B89-878E35579B22}.Debug|Any CPU.Deploy.0 = Debug|Any CPU
		{10705DD7-1613-4872-8B89-878E35579B22}.Release|Any CPU.ActiveCfg = Release|Any CPU
		{10705DD7-1613-4872-8B89-878E35579B22}.Release|Any CPU.Build.0 = Release|Any CPU
		{10705DD7-1613-4872-8B89-878E35579B22}.Release|Any CPU.Deploy.0 = Release|Any CPU
		{5EBE8A73-2972-4218-9D73-CE39F029366E}.Debug|Any CPU.ActiveCfg = Debug|Any CPU
		{5EBE8A73-2972-4218-9D73-CE39F029366E}.Debug|Any CPU.Build.0 = Debug|Any CPU
		{5EBE8A73-2972-4218-9D73-CE39F029366E}.Release|Any CPU.ActiveCfg = Release|Any CPU
		{5EBE8A73-2972-4218-9D73-CE39F029366E}.Release|Any CPU.Build.0 = Release|Any CPU
		{313EFCB8-590B-4360-8857-9CFDEC512216}.Debug|Any CPU.ActiveCfg = Debug|Any CPU
		{313EFCB8-590B-4360-8857-9CFDEC512216}.Debug|Any CPU.Build.0 = Debug|Any CPU
		{313EFCB8-590B-4360-8857-9CFDEC512216}.Release|Any CPU.ActiveCfg = Release|Any CPU
		{313EFCB8-590B-4360-8857-9CFDEC512216}.Release|Any CPU.Build.0 = Release|Any CPU
		{E937A804-0A42-48E0-9033-F8D5B5514551}.Debug|Any CPU.ActiveCfg = Debug|Any CPU
		{E937A804-0A42-48E0-9033-F8D5B5514551}.Debug|Any CPU.Build.0 = Debug|Any CPU
		{E937A804-0A42-48E0-9033-F8D5B5514551}.Release|Any CPU.ActiveCfg = Release|Any CPU
		{E937A804-0A42-48E0-9033-F8D5B5514551}.Release|Any CPU.Build.0 = Release|Any CPU
	EndGlobalSection
	GlobalSection(SolutionProperties) = preSolution
		HideSolutionNode = FALSE
	EndGlobalSection
	GlobalSection(ExtensibilityGlobals) = postSolution
		SolutionGuid = {A29CF725-958E-42C0-8748-85179DF18798}
	EndGlobalSection
EndGlobal
